
Microsoft Visual Studio Solution File, Format Version 12.00
# Visual Studio 15
VisualStudioVersion = 15.0.27004.2008
MinimumVisualStudioVersion = 10.0.40219.1
Project("{FAE04EC0-301F-11D3-BF4B-00C04F79EFBC}") = "FormBuilderExample", "FormBuilderExample\FormBuilderExample.csproj", "{F268CDED-144E-4AAF-BD79-50937BEA6A68}"
EndProject
Global
	GlobalSection(SolutionConfigurationPlatforms) = preSolution
		Debug|Any CPU = Debug|Any CPU
		Release|Any CPU = Release|Any CPU
	EndGlobalSection
	GlobalSection(ProjectConfigurationPlatforms) = postSolution
		{F268CDED-144E-4AAF-BD79-50937BEA6A68}.Debug|Any CPU.ActiveCfg = Debug|Any CPU
		{F268CDED-144E-4AAF-BD79-50937BEA6A68}.Debug|Any CPU.Build.0 = Debug|Any CPU
		{F268CDED-144E-4AAF-BD79-50937BEA6A68}.Release|Any CPU.ActiveCfg = Release|Any CPU
		{F268CDED-144E-4AAF-BD79-50937BEA6A68}.Release|Any CPU.Build.0 = Release|Any CPU
	EndGlobalSection
	GlobalSection(SolutionProperties) = preSolution
		HideSolutionNode = FALSE
	EndGlobalSection
	GlobalSection(ExtensibilityGlobals) = postSolution
		SolutionGuid = {92E5ED8E-DF23-430D-80CA-77960D656C94}
	EndGlobalSection
EndGlobal
